#MicroXplorer Configuration settings - do not modify
Mcu.Family=STM32F0
ProjectManager.MainLocation=Core/Src
RCC.MCOFreq_Value=48000000
Dma.USART1_TX.2.Direction=DMA_MEMORY_TO_PERIPH
PA6.Mode=IN6
RCC.USART1Freq_Value=48000000
Dma.DAC1_CH1.0.Priority=DMA_PRIORITY_LOW
ProjectManager.KeepUserCode=true
Mcu.UserName=STM32F051C8Tx
USART1.BaudRate=9600
RCC.PLLCLKFreq_Value=48000000
ProjectManager.functionlistsort=1-MX_GPIO_Init-GPIO-false-HAL-true,2-MX_DMA_Init-DMA-false-HAL-true,3-SystemClock_Config-RCC-false-HAL-false,4-MX_DAC1_Init-DAC1-false-HAL-true,5-MX_TIM6_Init-TIM6-false-HAL-true,6-MX_TIM14_Init-TIM14-false-HAL-true,7-MX_ADC_Init-ADC-false-HAL-true,8-MX_USART1_UART_Init-USART1-false-HAL-true,9-MX_TIM2_Init-TIM2-false-HAL-true
DAC1.IPParameters=DAC_Trigger
Dma.USART1_RX.3.MemDataAlignment=DMA_MDATAALIGN_BYTE
NVIC.SVC_IRQn=true\:0\:0\:false\:false\:true\:false\:false
Dma.ADC.1.PeriphInc=DMA_PINC_DISABLE
USART1.IPParameters=VirtualMode-Asynchronous,BaudRate
PC13.GPIO_Label=LED
PinOutPanel.RotationAngle=0
Dma.ADC.1.PeriphDataAlignment=DMA_PDATAALIGN_HALFWORD
RCC.SYSCLKSource=RCC_SYSCLKSOURCE_PLLCLK
ProjectManager.StackSize=0x400
SH.GPXTI2.0=GPIO_EXTI2
Mcu.IP4=RCC
Mcu.IP5=SYS
RCC.FCLKCortexFreq_Value=48000000
ADC.DiscontinuousConvMode=DISABLE
Mcu.IP2=DMA
Mcu.IP3=NVIC
Mcu.IP0=ADC
Mcu.IP1=DAC1
Mcu.UserConstants=
Mcu.ThirdPartyNb=0
RCC.HCLKFreq_Value=48000000
Mcu.IPNb=10
TIM2.IPParameters=Period,Prescaler
ProjectManager.PreviousToolchain=
Mcu.Pin6=PA9
VP_TIM2_VS_ClockSourceINT.Signal=TIM2_VS_ClockSourceINT
Mcu.Pin7=PA10
Mcu.Pin8=PA13
Mcu.Pin9=PA14
RCC.AHBFreq_Value=48000000
Mcu.Pin0=PC13
Mcu.Pin1=PF0-OSC_IN
GPIO.groupedBy=Group By Peripherals
Mcu.Pin2=PF1-OSC_OUT
Mcu.Pin3=PA4
Mcu.Pin4=PA6
Mcu.Pin5=PB2
ProjectManager.ProjectBuild=false
PB2.Signal=GPXTI2
TIM14.Period=40000-1
NVIC.SysTick_IRQn=true\:0\:0\:false\:false\:true\:false\:true
RCC.PLLMUL=RCC_PLL_MUL6
ProjectManager.FirmwarePackage=STM32Cube FW_F0 V1.11.2
MxDb.Version=DB.6.0.21
Dma.DAC1_CH1.0.RequestParameters=Instance,Direction,PeriphInc,MemInc,PeriphDataAlignment,MemDataAlignment,Mode,Priority
Dma.ADC.1.Direction=DMA_PERIPH_TO_MEMORY
ProjectManager.BackupPrevious=false
PA14.Mode=Serial_Wire
Dma.DAC1_CH1.0.Mode=DMA_CIRCULAR
File.Version=6
Dma.USART1_TX.2.PeriphDataAlignment=DMA_PDATAALIGN_BYTE
Dma.USART1_RX.3.Direction=DMA_PERIPH_TO_MEMORY
NVIC.PendSV_IRQn=true\:0\:0\:false\:false\:true\:false\:false
TIM6.Period=156
Dma.USART1_TX.2.MemDataAlignment=DMA_MDATAALIGN_BYTE
Dma.RequestsNb=4
ProjectManager.HalAssertFull=false
PB2.GPIO_PuPd=GPIO_PULLUP
ProjectManager.ProjectName=AFSK051
DAC1.DAC_Trigger=DAC_TRIGGER_T6_TRGO
RCC.PLLMCOFreq_Value=24000000
Mcu.Package=LQFP48
TIM2.Prescaler=1
Dma.USART1_RX.3.Instance=DMA1_Channel5
PA6.Signal=ADC_IN6
ProjectManager.ToolChainLocation=
VP_SYS_VS_Systick.Signal=SYS_VS_Systick
PA10.Signal=USART1_RX
Dma.ADC.1.Priority=DMA_PRIORITY_HIGH
Dma.DAC1_CH1.0.Instance=DMA1_Channel3
ADC.Resolution=ADC_RESOLUTION_12B
Dma.Request2=USART1_TX
RCC.CECFreq_Value=32786.88524590164
Dma.Request1=ADC
RCC.APB1TimFreq_Value=48000000
Dma.Request3=USART1_RX
VP_TIM14_VS_ClockSourceINT.Mode=Enable_Timer
TIM14.IPParameters=Period
NVIC.USART1_IRQn=true\:0\:0\:false\:false\:true\:true\:true
PF1-OSC_OUT.Mode=HSE-External-Oscillator
Dma.Request0=DAC1_CH1
SH.COMP_DAC11_group.ConfNb=1
Dma.USART1_RX.3.MemInc=DMA_MINC_ENABLE
ProjectManager.CustomerFirmwarePackage=
Dma.DAC1_CH1.0.PeriphInc=DMA_PINC_DISABLE
PF1-OSC_OUT.Signal=RCC_OSC_OUT
RCC.PLLSourceVirtual=RCC_PLLSOURCE_HSE
RCC.I2SFreq_Value=48000000
NVIC.TIM14_IRQn=true\:1\:0\:true\:false\:true\:true\:true
ProjectManager.ProjectFileName=AFSK051.ioc
Dma.USART1_RX.3.RequestParameters=Instance,Direction,PeriphInc,MemInc,PeriphDataAlignment,MemDataAlignment,Mode,Priority
Dma.ADC.1.Instance=DMA1_Channel1
PA10.Mode=Asynchronous
Mcu.PinsNb=14
Dma.USART1_TX.2.MemInc=DMA_MINC_ENABLE
VP_TIM14_VS_ClockSourceINT.Signal=TIM14_VS_ClockSourceINT
ProjectManager.NoMain=false
Dma.USART1_RX.3.PeriphInc=DMA_PINC_DISABLE
PC13.Locked=true
PC13.Signal=GPIO_Output
VP_TIM6_VS_ClockSourceINT.Mode=Enable_Timer
ProjectManager.DefaultFWLocation=true
ADC.IPParameters=ClockPrescaler,DiscontinuousConvMode,ContinuousConvMode,EnableAnalogWatchDog,Resolution,WatchdogChannel
Dma.USART1_TX.2.RequestParameters=Instance,Direction,PeriphInc,MemInc,PeriphDataAlignment,MemDataAlignment,Mode,Priority
ProjectManager.DeletePrevious=true
ADC.ClockPrescaler=ADC_CLOCK_SYNC_PCLK_DIV4
RCC.FamilyName=M
ADC.EnableAnalogWatchDog=true
VP_TIM6_VS_ClockSourceINT.Signal=TIM6_VS_ClockSourceINT
USART1.VirtualMode-Asynchronous=VM_ASYNC
PA13.Signal=SYS_SWDIO
TIM6.AutoReloadPreload=TIM_AUTORELOAD_PRELOAD_ENABLE
PA9.Mode=Asynchronous
TIM6.IPParameters=Period,TIM_MasterOutputTrigger,AutoReloadPreload
SH.GPXTI2.ConfNb=1
ProjectManager.TargetToolchain=STM32CubeIDE
SH.COMP_DAC11_group.0=DAC1_OUT1,DAC_OUT1
PA9.Signal=USART1_TX
PB2.GPIOParameters=GPIO_PuPd,GPIO_Label
ProjectManager.RegisterCallBack=
PF0-OSC_IN.Mode=HSE-External-Oscillator
Dma.DAC1_CH1.0.MemDataAlignment=DMA_MDATAALIGN_HALFWORD
board=custom
ProjectManager.LastFirmware=true
NVIC.DMA1_Channel4_5_IRQn=true\:0\:0\:false\:false\:true\:false\:true
RCC.VCOOutput2Freq_Value=8000000
MxCube.Version=6.2.1
Dma.ADC.1.RequestParameters=Instance,Direction,PeriphInc,MemInc,PeriphDataAlignment,MemDataAlignment,Mode,Priority
VP_TIM2_VS_ClockSourceINT.Mode=Internal
PC13.GPIOParameters=GPIO_Label
Dma.USART1_TX.2.Priority=DMA_PRIORITY_LOW
VP_SYS_VS_Systick.Mode=SysTick
Dma.DAC1_CH1.0.PeriphDataAlignment=DMA_PDATAALIGN_HALFWORD
TIM6.TIM_MasterOutputTrigger=TIM_TRGO_UPDATE
NVIC.NonMaskableInt_IRQn=true\:0\:0\:false\:false\:true\:false\:false
TIM2.Period=719
Dma.USART1_RX.3.PeriphDataAlignment=DMA_PDATAALIGN_BYTE
Dma.DAC1_CH1.0.MemInc=DMA_MINC_ENABLE
PA13.Mode=Serial_Wire
ProjectManager.FreePins=false
RCC.IPParameters=AHBFreq_Value,APB1Freq_Value,APB1TimFreq_Value,CECFreq_Value,FCLKCortexFreq_Value,FamilyName,HCLKFreq_Value,HSICECFreq_Value,I2SFreq_Value,MCOFreq_Value,PLLCLKFreq_Value,PLLMCOFreq_Value,PLLMUL,PLLSourceVirtual,SYSCLKFreq_VALUE,SYSCLKSource,TimSysFreq_Value,USART1Freq_Value,VCOOutput2Freq_Value
ProjectManager.AskForMigrate=true
Mcu.Name=STM32F051C8Tx
Dma.USART1_RX.3.Priority=DMA_PRIORITY_LOW
ProjectManager.UnderRoot=true
PB2.Locked=true
Dma.USART1_TX.2.PeriphInc=DMA_PINC_DISABLE
Mcu.IP8=TIM14
RCC.HSICECFreq_Value=32786.88524590164
Mcu.IP9=USART1
Mcu.IP6=TIM2
Mcu.IP7=TIM6
ProjectManager.CoupleFile=true
PA4.Signal=COMP_DAC11_group
RCC.SYSCLKFreq_VALUE=48000000
RCC.TimSysFreq_Value=48000000
NVIC.ForceEnableDMAVector=true
KeepUserPlacement=false
ProjectManager.CompilerOptimize=6
Dma.ADC.1.MemDataAlignment=DMA_MDATAALIGN_HALFWORD
PA14.Signal=SYS_SWCLK
PB2.GPIO_Label=BTN
ProjectManager.HeapSize=0x200
NVIC.HardFault_IRQn=true\:0\:0\:false\:false\:true\:false\:false
Mcu.Pin13=VP_TIM14_VS_ClockSourceINT
ADC.WatchdogChannel=ADC_CHANNEL_6
ProjectManager.ComputerToolchain=false
Dma.USART1_TX.2.Mode=DMA_NORMAL
Mcu.Pin11=VP_TIM2_VS_ClockSourceINT
Mcu.Pin12=VP_TIM6_VS_ClockSourceINT
Dma.USART1_TX.2.Instance=DMA1_Channel2
Mcu.Pin10=VP_SYS_VS_Systick
NVIC.DMA1_Channel2_3_IRQn=true\:0\:0\:false\:false\:true\:false\:true
Dma.ADC.1.Mode=DMA_NORMAL
NVIC.DMA1_Channel1_IRQn=true\:0\:0\:false\:false\:true\:false\:true
PF0-OSC_IN.Signal=RCC_OSC_IN
RCC.APB1Freq_Value=48000000
Dma.USART1_RX.3.Mode=DMA_NORMAL
ADC.ContinuousConvMode=ENABLE
Dma.ADC.1.MemInc=DMA_MINC_ENABLE
ProjectManager.DeviceId=STM32F051C8Tx
Dma.DAC1_CH1.0.Direction=DMA_MEMORY_TO_PERIPH
ProjectManager.LibraryCopy=1
PA6.Locked=true
isbadioc=false
